{
  "version": 4,
  "terraform_version": "1.1.2",
  "serial": 139,
  "lineage": "3a79324d-a535-0277-21a7-ef287a589075",
  "outputs": {
    "container-name": {
      "value": [
        "nodered-prod-kr3u",
        "nodered-prod-dp74"
      ],
      "type": [
        "tuple",
        [
          "string",
          "string"
        ]
      ]
    },
    "ip-address": {
      "value": [
        "172.17.0.3:1880",
        "172.17.0.2:1881"
      ],
      "type": [
        "tuple",
        [
          "string",
          "string"
        ]
      ]
    }
  },
  "resources": [
    {
      "mode": "managed",
      "type": "random_string",
      "name": "random",
      "provider": "provider[\"registry.terraform.io/hashicorp/random\"]",
      "instances": [
        {
          "index_key": 0,
          "schema_version": 1,
          "attributes": {
            "id": "kr3u",
            "keepers": null,
            "length": 4,
            "lower": true,
            "min_lower": 0,
            "min_numeric": 0,
            "min_special": 0,
            "min_upper": 0,
            "number": true,
            "override_special": null,
            "result": "kr3u",
            "special": false,
            "upper": false
          },
          "sensitive_attributes": [],
          "private": "eyJzY2hlbWFfdmVyc2lvbiI6IjEifQ=="
        },
        {
          "index_key": 1,
          "schema_version": 1,
          "attributes": {
            "id": "dp74",
            "keepers": null,
            "length": 4,
            "lower": true,
            "min_lower": 0,
            "min_numeric": 0,
            "min_special": 0,
            "min_upper": 0,
            "number": true,
            "override_special": null,
            "result": "dp74",
            "special": false,
            "upper": false
          },
          "sensitive_attributes": [],
          "private": "eyJzY2hlbWFfdmVyc2lvbiI6IjEifQ=="
        }
      ]
    },
    {
      "module": "module.container[0]",
      "mode": "managed",
      "type": "docker_container",
      "name": "nodered_container",
      "provider": "provider[\"registry.terraform.io/kreuzwerker/docker\"]",
      "instances": [
        {
          "schema_version": 2,
          "attributes": {
            "attach": false,
            "bridge": "",
            "capabilities": [],
            "command": [],
            "container_logs": null,
            "cpu_set": "",
            "cpu_shares": 0,
            "destroy_grace_seconds": null,
            "devices": [],
            "dns": null,
            "dns_opts": null,
            "dns_search": null,
            "domainname": "",
            "entrypoint": [
              "npm",
              "--no-update-notifier",
              "--no-fund",
              "start",
              "--cache",
              "/data/.npm",
              "--",
              "--userDir",
              "/data"
            ],
            "env": [],
            "exit_code": null,
            "gateway": "172.17.0.1",
            "group_add": null,
            "healthcheck": [
              {
                "interval": "0s",
                "retries": 0,
                "start_period": "0s",
                "test": [
                  "CMD-SHELL",
                  "node /healthcheck.js"
                ],
                "timeout": "0s"
              }
            ],
            "host": [],
            "hostname": "573aa501a2a5",
            "id": "573aa501a2a512000619276170fd4ba89f89abdfeba7c0e226a0ee2bf11c2696",
            "image": "sha256:6ed1f4aa9ca2a2712453a4ea932b3edc82c491b98c46c7f29a72d88ce49bedc6",
            "init": false,
            "ip_address": "172.17.0.3",
            "ip_prefix_length": 16,
            "ipc_mode": "private",
            "labels": [],
            "links": null,
            "log_driver": "json-file",
            "log_opts": null,
            "logs": false,
            "max_retry_count": 0,
            "memory": 0,
            "memory_swap": 0,
            "mounts": [],
            "must_run": true,
            "name": "nodered-prod-kr3u",
            "network_alias": null,
            "network_data": [
              {
                "gateway": "172.17.0.1",
                "global_ipv6_address": "",
                "global_ipv6_prefix_length": 0,
                "ip_address": "172.17.0.3",
                "ip_prefix_length": 16,
                "ipv6_gateway": "",
                "network_name": "bridge"
              }
            ],
            "network_mode": "default",
            "networks": null,
            "networks_advanced": [],
            "pid_mode": "",
            "ports": [
              {
                "external": 1880,
                "internal": 1880,
                "ip": "0.0.0.0",
                "protocol": "tcp"
              }
            ],
            "privileged": false,
            "publish_all_ports": false,
            "read_only": false,
            "remove_volumes": true,
            "restart": "no",
            "rm": false,
            "security_opts": [],
            "shm_size": 64,
            "start": true,
            "stdin_open": false,
            "storage_opts": null,
            "sysctls": null,
            "tmpfs": null,
            "tty": false,
            "ulimit": [],
            "upload": [],
            "user": "node-red",
            "userns_mode": "",
            "volumes": [
              {
                "container_path": "/data",
                "from_container": "",
                "host_path": "",
                "read_only": null,
                "volume_name": "nodered-prod-kr3u-volume"
              }
            ],
            "working_dir": "/usr/src/node-red"
          },
          "sensitive_attributes": [],
          "private": "eyJzY2hlbWFfdmVyc2lvbiI6IjIifQ==",
          "dependencies": [
            "module.image.docker_image.nodered_image",
            "random_string.random"
          ]
        }
      ]
    },
    {
      "module": "module.container[1]",
      "mode": "managed",
      "type": "docker_container",
      "name": "nodered_container",
      "provider": "provider[\"registry.terraform.io/kreuzwerker/docker\"]",
      "instances": [
        {
          "schema_version": 2,
          "attributes": {
            "attach": false,
            "bridge": "",
            "capabilities": [],
            "command": [],
            "container_logs": null,
            "cpu_set": "",
            "cpu_shares": 0,
            "destroy_grace_seconds": null,
            "devices": [],
            "dns": null,
            "dns_opts": null,
            "dns_search": null,
            "domainname": "",
            "entrypoint": [
              "npm",
              "--no-update-notifier",
              "--no-fund",
              "start",
              "--cache",
              "/data/.npm",
              "--",
              "--userDir",
              "/data"
            ],
            "env": [],
            "exit_code": null,
            "gateway": "172.17.0.1",
            "group_add": null,
            "healthcheck": [
              {
                "interval": "0s",
                "retries": 0,
                "start_period": "0s",
                "test": [
                  "CMD-SHELL",
                  "node /healthcheck.js"
                ],
                "timeout": "0s"
              }
            ],
            "host": [],
            "hostname": "1c00bcf9ce77",
            "id": "1c00bcf9ce770952ed2525e9765016daa56be29c2a692a6aa5730ac0e79c29f1",
            "image": "sha256:6ed1f4aa9ca2a2712453a4ea932b3edc82c491b98c46c7f29a72d88ce49bedc6",
            "init": false,
            "ip_address": "172.17.0.2",
            "ip_prefix_length": 16,
            "ipc_mode": "private",
            "labels": [],
            "links": null,
            "log_driver": "json-file",
            "log_opts": null,
            "logs": false,
            "max_retry_count": 0,
            "memory": 0,
            "memory_swap": 0,
            "mounts": [],
            "must_run": true,
            "name": "nodered-prod-dp74",
            "network_alias": null,
            "network_data": [
              {
                "gateway": "172.17.0.1",
                "global_ipv6_address": "",
                "global_ipv6_prefix_length": 0,
                "ip_address": "172.17.0.2",
                "ip_prefix_length": 16,
                "ipv6_gateway": "",
                "network_name": "bridge"
              }
            ],
            "network_mode": "default",
            "networks": null,
            "networks_advanced": [],
            "pid_mode": "",
            "ports": [
              {
                "external": 1881,
                "internal": 1880,
                "ip": "0.0.0.0",
                "protocol": "tcp"
              }
            ],
            "privileged": false,
            "publish_all_ports": false,
            "read_only": false,
            "remove_volumes": true,
            "restart": "no",
            "rm": false,
            "security_opts": [],
            "shm_size": 64,
            "start": true,
            "stdin_open": false,
            "storage_opts": null,
            "sysctls": null,
            "tmpfs": null,
            "tty": false,
            "ulimit": [],
            "upload": [],
            "user": "node-red",
            "userns_mode": "",
            "volumes": [
              {
                "container_path": "/data",
                "from_container": "",
                "host_path": "",
                "read_only": null,
                "volume_name": "nodered-prod-dp74-volume"
              }
            ],
            "working_dir": "/usr/src/node-red"
          },
          "sensitive_attributes": [],
          "private": "eyJzY2hlbWFfdmVyc2lvbiI6IjIifQ==",
          "dependencies": [
            "module.image.docker_image.nodered_image",
            "random_string.random"
          ]
        }
      ]
    },
    {
      "module": "module.image",
      "mode": "managed",
      "type": "docker_image",
      "name": "nodered_image",
      "provider": "provider[\"registry.terraform.io/kreuzwerker/docker\"]",
      "instances": [
        {
          "schema_version": 0,
          "attributes": {
            "build": [],
            "force_remove": null,
            "id": "sha256:6ed1f4aa9ca2a2712453a4ea932b3edc82c491b98c46c7f29a72d88ce49bedc6nodered/node-red:latest-minimal",
            "keep_locally": null,
            "latest": "sha256:6ed1f4aa9ca2a2712453a4ea932b3edc82c491b98c46c7f29a72d88ce49bedc6",
            "name": "nodered/node-red:latest-minimal",
            "output": null,
            "pull_trigger": null,
            "pull_triggers": null,
            "repo_digest": "nodered/node-red@sha256:99b8f3a8d95c4fdb9376f10117f73320e25a0bf400b26d5aaf824115fe76a18c"
          },
          "sensitive_attributes": [],
          "private": "bnVsbA=="
        }
      ]
    }
  ]
}
